PODS:
  - 500px-iOS-api (1.0.5)
  - AFImageDownloader (1.0.0):
    - Kiwi (~> 1.1.1)
  - Expecta (0.2.3)
  - Kiwi (1.1.1)
  - libextobjc (0.4):
    - libextobjc/EXTADT
    - libextobjc/EXTConcreteProtocol
    - libextobjc/EXTKeyPathCoding
    - libextobjc/EXTNil
    - libextobjc/EXTSafeCategory
    - libextobjc/EXTScope
    - libextobjc/EXTSelectorChecking
    - libextobjc/EXTSynthesize
    - libextobjc/NSInvocation+EXT
    - libextobjc/NSMethodSignature+EXT
    - libextobjc/RuntimeExtensions
    - libextobjc/UmbrellaHeader
  - libextobjc/EXTADT (0.4):
    - libextobjc/RuntimeExtensions
  - libextobjc/EXTConcreteProtocol (0.4):
    - libextobjc/RuntimeExtensions
  - libextobjc/EXTKeyPathCoding (0.4):
    - libextobjc/RuntimeExtensions
  - libextobjc/EXTNil (0.4):
    - libextobjc/RuntimeExtensions
  - libextobjc/EXTSafeCategory (0.4):
    - libextobjc/RuntimeExtensions
  - libextobjc/EXTScope (0.4):
    - libextobjc/RuntimeExtensions
  - libextobjc/EXTSelectorChecking (0.4):
    - libextobjc/RuntimeExtensions
  - libextobjc/EXTSynthesize (0.4):
    - libextobjc/RuntimeExtensions
  - libextobjc/NSInvocation+EXT (0.4):
    - libextobjc/RuntimeExtensions
  - libextobjc/NSMethodSignature+EXT (0.4):
    - libextobjc/RuntimeExtensions
  - libextobjc/RuntimeExtensions (0.4)
  - libextobjc/UmbrellaHeader (0.4)
  - OCMock (2.2.3)
  - ReactiveCocoa (2.2.3):
    - ReactiveCocoa/Core
    - ReactiveCocoa/no-arc
  - ReactiveCocoa/Core (2.2.3):
    - ReactiveCocoa/no-arc
  - ReactiveCocoa/no-arc (2.2.3)
  - ReactiveViewModel (0.1.1):
    - ReactiveCocoa (~> 2.1)
  - Specta (0.2.1)
  - SVProgressHUD (1.0)

DEPENDENCIES:
  - 500px-iOS-api (~> 1.0.5)
  - AFImageDownloader (~> 1.0.0)
  - Expecta (~> 0.2.3)
  - libextobjc (~> 0.3)
  - OCMock (~> 2.2.2)
  - ReactiveCocoa (~> 2.2.3)
  - ReactiveViewModel (= 0.1.1)
  - Specta (~> 0.2.1)
  - SVProgressHUD (~> 1.0)

SPEC CHECKSUMS:
  500px-iOS-api: b67f7b641d79737eb26478d4e07cc1610314521c
  AFImageDownloader: 4c385edcac3cea688c21b99d824ba6e73c190141
  Expecta: dbc4a27fabb853bdd2e907e33f11ee43a9a47d0c
  Kiwi: ab0fa8d13b97dca05915e31df9b2d888d74ab717
  libextobjc: 2c9fc8226f0f38e562587f65172f93f0c9b4a47a
  OCMock: 74e4ddbcef134170dcc844f91c691f13868075d7
  ReactiveCocoa: b3cb6ebd50f1a0f2e39c6fd7ce3c428b6efcb22b
  ReactiveViewModel: e6cba4e138cfdaac19ea326bf42f6d6a61245f2c
  Specta: 2d06220591110c6d9757d8be8ecf8e63aa40dc2a
  SVProgressHUD: 5e10939a296debf5fe5a5895eda9539b8b2114f1

COCOAPODS: 0.29.0
