// !$*UTF8*$!
{
	archiveVersion = 1;
	classes = {
	};
	objectVersion = 46;
	objects = {

/* Begin PBXBuildFile section */
		1F800BF364CB49798AB24AE9 /* libPods.a in Frameworks */ = {isa = PBXBuildFile; fileRef = 3B9773089647439D973C3720 /* libPods.a */; };
		470F245F18A0FF0200DD05B0 /* HRYGalleryViewController.m in Sources */ = {isa = PBXBuildFile; fileRef = 470F245D18A0FF0200DD05B0 /* HRYGalleryViewController.m */; };
		470F246418A0FF7800DD05B0 /* HRYGalleryFlowLayout.m in Sources */ = {isa = PBXBuildFile; fileRef = 470F246318A0FF7800DD05B0 /* HRYGalleryFlowLayout.m */; };
		47ABC82C18A0FB0A007A953F /* Foundation.framework in Frameworks */ = {isa = PBXBuildFile; fileRef = 47ABC82B18A0FB0A007A953F /* Foundation.framework */; };
		47ABC82E18A0FB0A007A953F /* CoreGraphics.framework in Frameworks */ = {isa = PBXBuildFile; fileRef = 47ABC82D18A0FB0A007A953F /* CoreGraphics.framework */; };
		47ABC83018A0FB0A007A953F /* UIKit.framework in Frameworks */ = {isa = PBXBuildFile; fileRef = 47ABC82F18A0FB0A007A953F /* UIKit.framework */; };
		47ABC83618A0FB0A007A953F /* InfoPlist.strings in Resources */ = {isa = PBXBuildFile; fileRef = 47ABC83418A0FB0A007A953F /* InfoPlist.strings */; };
		47ABC83818A0FB0A007A953F /* main.m in Sources */ = {isa = PBXBuildFile; fileRef = 47ABC83718A0FB0A007A953F /* main.m */; };
		47ABC83C18A0FB0A007A953F /* HRYAppDelegate.m in Sources */ = {isa = PBXBuildFile; fileRef = 47ABC83B18A0FB0A007A953F /* HRYAppDelegate.m */; };
		47ABC83F18A0FB0A007A953F /* Main.storyboard in Resources */ = {isa = PBXBuildFile; fileRef = 47ABC83D18A0FB0A007A953F /* Main.storyboard */; };
		47ABC84418A0FB0A007A953F /* Images.xcassets in Resources */ = {isa = PBXBuildFile; fileRef = 47ABC84318A0FB0A007A953F /* Images.xcassets */; };
		47ABC84B18A0FB0A007A953F /* XCTest.framework in Frameworks */ = {isa = PBXBuildFile; fileRef = 47ABC84A18A0FB0A007A953F /* XCTest.framework */; };
		47ABC84C18A0FB0A007A953F /* Foundation.framework in Frameworks */ = {isa = PBXBuildFile; fileRef = 47ABC82B18A0FB0A007A953F /* Foundation.framework */; };
		47ABC84D18A0FB0A007A953F /* UIKit.framework in Frameworks */ = {isa = PBXBuildFile; fileRef = 47ABC82F18A0FB0A007A953F /* UIKit.framework */; };
		47ABC85518A0FB0A007A953F /* InfoPlist.strings in Resources */ = {isa = PBXBuildFile; fileRef = 47ABC85318A0FB0A007A953F /* InfoPlist.strings */; };
		47ABC85718A0FB0A007A953F /* FunctionalReactivePixelsTests.m in Sources */ = {isa = PBXBuildFile; fileRef = 47ABC85618A0FB0A007A953F /* FunctionalReactivePixelsTests.m */; };
		69D12598CAB94A668B0CF6B4 /* libPods-FunctionalReactivePixelsTests.a in Frameworks */ = {isa = PBXBuildFile; fileRef = 72C4E96C950F42E68DEDC578 /* libPods-FunctionalReactivePixelsTests.a */; };
/* End PBXBuildFile section */

/* Begin PBXContainerItemProxy section */
		47ABC84E18A0FB0A007A953F /* PBXContainerItemProxy */ = {
			isa = PBXContainerItemProxy;
			containerPortal = 47ABC82018A0FB0A007A953F /* Project object */;
			proxyType = 1;
			remoteGlobalIDString = 47ABC82718A0FB0A007A953F;
			remoteInfo = FunctionalReactivePixels;
		};
/* End PBXContainerItemProxy section */

/* Begin PBXFileReference section */
		3B9773089647439D973C3720 /* libPods.a */ = {isa = PBXFileReference; explicitFileType = archive.ar; includeInIndex = 0; path = libPods.a; sourceTree = BUILT_PRODUCTS_DIR; };
		470F245C18A0FF0200DD05B0 /* HRYGalleryViewController.h */ = {isa = PBXFileReference; fileEncoding = 4; lastKnownFileType = sourcecode.c.h; name = HRYGalleryViewController.h; path = Classes/ViewControllers/HRYGalleryViewController.h; sourceTree = "<group>"; };
		470F245D18A0FF0200DD05B0 /* HRYGalleryViewController.m */ = {isa = PBXFileReference; fileEncoding = 4; lastKnownFileType = sourcecode.c.objc; name = HRYGalleryViewController.m; path = Classes/ViewControllers/HRYGalleryViewController.m; sourceTree = "<group>"; };
		470F246218A0FF7800DD05B0 /* HRYGalleryFlowLayout.h */ = {isa = PBXFileReference; fileEncoding = 4; lastKnownFileType = sourcecode.c.h; name = HRYGalleryFlowLayout.h; path = Classes/Layouts/HRYGalleryFlowLayout.h; sourceTree = "<group>"; };
		470F246318A0FF7800DD05B0 /* HRYGalleryFlowLayout.m */ = {isa = PBXFileReference; fileEncoding = 4; lastKnownFileType = sourcecode.c.objc; name = HRYGalleryFlowLayout.m; path = Classes/Layouts/HRYGalleryFlowLayout.m; sourceTree = "<group>"; };
		47ABC82818A0FB0A007A953F /* FunctionalReactivePixels.app */ = {isa = PBXFileReference; explicitFileType = wrapper.application; includeInIndex = 0; path = FunctionalReactivePixels.app; sourceTree = BUILT_PRODUCTS_DIR; };
		47ABC82B18A0FB0A007A953F /* Foundation.framework */ = {isa = PBXFileReference; lastKnownFileType = wrapper.framework; name = Foundation.framework; path = System/Library/Frameworks/Foundation.framework; sourceTree = SDKROOT; };
		47ABC82D18A0FB0A007A953F /* CoreGraphics.framework */ = {isa = PBXFileReference; lastKnownFileType = wrapper.framework; name = CoreGraphics.framework; path = System/Library/Frameworks/CoreGraphics.framework; sourceTree = SDKROOT; };
		47ABC82F18A0FB0A007A953F /* UIKit.framework */ = {isa = PBXFileReference; lastKnownFileType = wrapper.framework; name = UIKit.framework; path = System/Library/Frameworks/UIKit.framework; sourceTree = SDKROOT; };
		47ABC83318A0FB0A007A953F /* FunctionalReactivePixels-Info.plist */ = {isa = PBXFileReference; lastKnownFileType = text.plist.xml; path = "FunctionalReactivePixels-Info.plist"; sourceTree = "<group>"; };
		47ABC83518A0FB0A007A953F /* en */ = {isa = PBXFileReference; lastKnownFileType = text.plist.strings; name = en; path = en.lproj/InfoPlist.strings; sourceTree = "<group>"; };
		47ABC83718A0FB0A007A953F /* main.m */ = {isa = PBXFileReference; lastKnownFileType = sourcecode.c.objc; path = main.m; sourceTree = "<group>"; };
		47ABC83918A0FB0A007A953F /* FunctionalReactivePixels-Prefix.pch */ = {isa = PBXFileReference; lastKnownFileType = sourcecode.c.h; path = "FunctionalReactivePixels-Prefix.pch"; sourceTree = "<group>"; };
		47ABC83A18A0FB0A007A953F /* HRYAppDelegate.h */ = {isa = PBXFileReference; lastKnownFileType = sourcecode.c.h; path = HRYAppDelegate.h; sourceTree = "<group>"; };
		47ABC83B18A0FB0A007A953F /* HRYAppDelegate.m */ = {isa = PBXFileReference; lastKnownFileType = sourcecode.c.objc; path = HRYAppDelegate.m; sourceTree = "<group>"; };
		47ABC83E18A0FB0A007A953F /* Base */ = {isa = PBXFileReference; lastKnownFileType = file.storyboard; name = Base; path = Base.lproj/Main.storyboard; sourceTree = "<group>"; };
		47ABC84318A0FB0A007A953F /* Images.xcassets */ = {isa = PBXFileReference; lastKnownFileType = folder.assetcatalog; path = Images.xcassets; sourceTree = "<group>"; };
		47ABC84918A0FB0A007A953F /* FunctionalReactivePixelsTests.xctest */ = {isa = PBXFileReference; explicitFileType = wrapper.cfbundle; includeInIndex = 0; path = FunctionalReactivePixelsTests.xctest; sourceTree = BUILT_PRODUCTS_DIR; };
		47ABC84A18A0FB0A007A953F /* XCTest.framework */ = {isa = PBXFileReference; lastKnownFileType = wrapper.framework; name = XCTest.framework; path = Library/Frameworks/XCTest.framework; sourceTree = DEVELOPER_DIR; };
		47ABC85218A0FB0A007A953F /* FunctionalReactivePixelsTests-Info.plist */ = {isa = PBXFileReference; lastKnownFileType = text.plist.xml; path = "FunctionalReactivePixelsTests-Info.plist"; sourceTree = "<group>"; };
		47ABC85418A0FB0A007A953F /* en */ = {isa = PBXFileReference; lastKnownFileType = text.plist.strings; name = en; path = en.lproj/InfoPlist.strings; sourceTree = "<group>"; };
		47ABC85618A0FB0A007A953F /* FunctionalReactivePixelsTests.m */ = {isa = PBXFileReference; lastKnownFileType = sourcecode.c.objc; path = FunctionalReactivePixelsTests.m; sourceTree = "<group>"; };
		72C4E96C950F42E68DEDC578 /* libPods-FunctionalReactivePixelsTests.a */ = {isa = PBXFileReference; explicitFileType = archive.ar; includeInIndex = 0; path = "libPods-FunctionalReactivePixelsTests.a"; sourceTree = BUILT_PRODUCTS_DIR; };
		D87B9EE13ED542639BC20C64 /* Pods-FunctionalReactivePixelsTests.xcconfig */ = {isa = PBXFileReference; includeInIndex = 1; lastKnownFileType = text.xcconfig; name = "Pods-FunctionalReactivePixelsTests.xcconfig"; path = "Pods/Pods-FunctionalReactivePixelsTests.xcconfig"; sourceTree = "<group>"; };
		E3D87C8D11A3404EA8D5DD00 /* Pods.xcconfig */ = {isa = PBXFileReference; includeInIndex = 1; lastKnownFileType = text.xcconfig; name = Pods.xcconfig; path = Pods/Pods.xcconfig; sourceTree = "<group>"; };
/* End PBXFileReference section */

/* Begin PBXFrameworksBuildPhase section */
		47ABC82518A0FB0A007A953F /* Frameworks */ = {
			isa = PBXFrameworksBuildPhase;
			buildActionMask = 2147483647;
			files = (
				47ABC82E18A0FB0A007A953F /* CoreGraphics.framework in Frameworks */,
				47ABC83018A0FB0A007A953F /* UIKit.framework in Frameworks */,
				47ABC82C18A0FB0A007A953F /* Foundation.framework in Frameworks */,
				1F800BF364CB49798AB24AE9 /* libPods.a in Frameworks */,
			);
			runOnlyForDeploymentPostprocessing = 0;
		};
		47ABC84618A0FB0A007A953F /* Frameworks */ = {
			isa = PBXFrameworksBuildPhase;
			buildActionMask = 2147483647;
			files = (
				47ABC84B18A0FB0A007A953F /* XCTest.framework in Frameworks */,
				47ABC84D18A0FB0A007A953F /* UIKit.framework in Frameworks */,
				47ABC84C18A0FB0A007A953F /* Foundation.framework in Frameworks */,
				69D12598CAB94A668B0CF6B4 /* libPods-FunctionalReactivePixelsTests.a in Frameworks */,
			);
			runOnlyForDeploymentPostprocessing = 0;
		};
/* End PBXFrameworksBuildPhase section */

/* Begin PBXGroup section */
		470F245A18A0FE5A00DD05B0 /* Classes */ = {
			isa = PBXGroup;
			children = (
				470F246118A0FF4F00DD05B0 /* Layouts */,
				470F245B18A0FEDB00DD05B0 /* ViewControllers */,
			);
			name = Classes;
			sourceTree = "<group>";
		};
		470F245B18A0FEDB00DD05B0 /* ViewControllers */ = {
			isa = PBXGroup;
			children = (
				470F245C18A0FF0200DD05B0 /* HRYGalleryViewController.h */,
				470F245D18A0FF0200DD05B0 /* HRYGalleryViewController.m */,
			);
			name = ViewControllers;
			sourceTree = "<group>";
		};
		470F246118A0FF4F00DD05B0 /* Layouts */ = {
			isa = PBXGroup;
			children = (
				470F246218A0FF7800DD05B0 /* HRYGalleryFlowLayout.h */,
				470F246318A0FF7800DD05B0 /* HRYGalleryFlowLayout.m */,
			);
			name = Layouts;
			sourceTree = "<group>";
		};
		47ABC81F18A0FB0A007A953F = {
			isa = PBXGroup;
			children = (
				47ABC83118A0FB0A007A953F /* FunctionalReactivePixels */,
				47ABC85018A0FB0A007A953F /* FunctionalReactivePixelsTests */,
				47ABC82A18A0FB0A007A953F /* Frameworks */,
				47ABC82918A0FB0A007A953F /* Products */,
				E3D87C8D11A3404EA8D5DD00 /* Pods.xcconfig */,
				D87B9EE13ED542639BC20C64 /* Pods-FunctionalReactivePixelsTests.xcconfig */,
			);
			sourceTree = "<group>";
		};
		47ABC82918A0FB0A007A953F /* Products */ = {
			isa = PBXGroup;
			children = (
				47ABC82818A0FB0A007A953F /* FunctionalReactivePixels.app */,
				47ABC84918A0FB0A007A953F /* FunctionalReactivePixelsTests.xctest */,
			);
			name = Products;
			sourceTree = "<group>";
		};
		47ABC82A18A0FB0A007A953F /* Frameworks */ = {
			isa = PBXGroup;
			children = (
				47ABC82B18A0FB0A007A953F /* Foundation.framework */,
				47ABC82D18A0FB0A007A953F /* CoreGraphics.framework */,
				47ABC82F18A0FB0A007A953F /* UIKit.framework */,
				47ABC84A18A0FB0A007A953F /* XCTest.framework */,
				3B9773089647439D973C3720 /* libPods.a */,
				72C4E96C950F42E68DEDC578 /* libPods-FunctionalReactivePixelsTests.a */,
			);
			name = Frameworks;
			sourceTree = "<group>";
		};
		47ABC83118A0FB0A007A953F /* FunctionalReactivePixels */ = {
			isa = PBXGroup;
			children = (
				470F245A18A0FE5A00DD05B0 /* Classes */,
				47ABC83A18A0FB0A007A953F /* HRYAppDelegate.h */,
				47ABC83B18A0FB0A007A953F /* HRYAppDelegate.m */,
				47ABC83D18A0FB0A007A953F /* Main.storyboard */,
				47ABC84318A0FB0A007A953F /* Images.xcassets */,
				47ABC83218A0FB0A007A953F /* Supporting Files */,
			);
			path = FunctionalReactivePixels;
			sourceTree = "<group>";
		};
		47ABC83218A0FB0A007A953F /* Supporting Files */ = {
			isa = PBXGroup;
			children = (
				47ABC83318A0FB0A007A953F /* FunctionalReactivePixels-Info.plist */,
				47ABC83418A0FB0A007A953F /* InfoPlist.strings */,
				47ABC83718A0FB0A007A953F /* main.m */,
				47ABC83918A0FB0A007A953F /* FunctionalReactivePixels-Prefix.pch */,
			);
			name = "Supporting Files";
			sourceTree = "<group>";
		};
		47ABC85018A0FB0A007A953F /* FunctionalReactivePixelsTests */ = {
			isa = PBXGroup;
			children = (
				47ABC85618A0FB0A007A953F /* FunctionalReactivePixelsTests.m */,
				47ABC85118A0FB0A007A953F /* Supporting Files */,
			);
			path = FunctionalReactivePixelsTests;
			sourceTree = "<group>";
		};
		47ABC85118A0FB0A007A953F /* Supporting Files */ = {
			isa = PBXGroup;
			children = (
				47ABC85218A0FB0A007A953F /* FunctionalReactivePixelsTests-Info.plist */,
				47ABC85318A0FB0A007A953F /* InfoPlist.strings */,
			);
			name = "Supporting Files";
			sourceTree = "<group>";
		};
/* End PBXGroup section */

/* Begin PBXNativeTarget section */
		47ABC82718A0FB0A007A953F /* FunctionalReactivePixels */ = {
			isa = PBXNativeTarget;
			buildConfigurationList = 47ABC85A18A0FB0A007A953F /* Build configuration list for PBXNativeTarget "FunctionalReactivePixels" */;
			buildPhases = (
				F1141D196E2E4D5488CDFD7E /* Check Pods Manifest.lock */,
				47ABC82418A0FB0A007A953F /* Sources */,
				47ABC82518A0FB0A007A953F /* Frameworks */,
				47ABC82618A0FB0A007A953F /* Resources */,
				9B0BCB6A9B854F8CA61599C0 /* Copy Pods Resources */,
			);
			buildRules = (
			);
			dependencies = (
			);
			name = FunctionalReactivePixels;
			productName = FunctionalReactivePixels;
			productReference = 47ABC82818A0FB0A007A953F /* FunctionalReactivePixels.app */;
			productType = "com.apple.product-type.application";
		};
		47ABC84818A0FB0A007A953F /* FunctionalReactivePixelsTests */ = {
			isa = PBXNativeTarget;
			buildConfigurationList = 47ABC85D18A0FB0A007A953F /* Build configuration list for PBXNativeTarget "FunctionalReactivePixelsTests" */;
			buildPhases = (
				2D10DBA241C54F228CCCD4D3 /* Check Pods Manifest.lock */,
				47ABC84518A0FB0A007A953F /* Sources */,
				47ABC84618A0FB0A007A953F /* Frameworks */,
				47ABC84718A0FB0A007A953F /* Resources */,
				25F0F3D7113940CDA03EAB49 /* Copy Pods Resources */,
			);
			buildRules = (
			);
			dependencies = (
				47ABC84F18A0FB0A007A953F /* PBXTargetDependency */,
			);
			name = FunctionalReactivePixelsTests;
			productName = FunctionalReactivePixelsTests;
			productReference = 47ABC84918A0FB0A007A953F /* FunctionalReactivePixelsTests.xctest */;
			productType = "com.apple.product-type.bundle.unit-test";
		};
/* End PBXNativeTarget section */

/* Begin PBXProject section */
		47ABC82018A0FB0A007A953F /* Project object */ = {
			isa = PBXProject;
			attributes = {
				CLASSPREFIX = HRY;
				LastUpgradeCheck = 0500;
				ORGANIZATIONNAME = "Ryoichi Hara";
				TargetAttributes = {
					47ABC84818A0FB0A007A953F = {
						TestTargetID = 47ABC82718A0FB0A007A953F;
					};
				};
			};
			buildConfigurationList = 47ABC82318A0FB0A007A953F /* Build configuration list for PBXProject "FunctionalReactivePixels" */;
			compatibilityVersion = "Xcode 3.2";
			developmentRegion = English;
			hasScannedForEncodings = 0;
			knownRegions = (
				en,
				Base,
			);
			mainGroup = 47ABC81F18A0FB0A007A953F;
			productRefGroup = 47ABC82918A0FB0A007A953F /* Products */;
			projectDirPath = "";
			projectRoot = "";
			targets = (
				47ABC82718A0FB0A007A953F /* FunctionalReactivePixels */,
				47ABC84818A0FB0A007A953F /* FunctionalReactivePixelsTests */,
			);
		};
/* End PBXProject section */

/* Begin PBXResourcesBuildPhase section */
		47ABC82618A0FB0A007A953F /* Resources */ = {
			isa = PBXResourcesBuildPhase;
			buildActionMask = 2147483647;
			files = (
				47ABC84418A0FB0A007A953F /* Images.xcassets in Resources */,
				47ABC83618A0FB0A007A953F /* InfoPlist.strings in Resources */,
				47ABC83F18A0FB0A007A953F /* Main.storyboard in Resources */,
			);
			runOnlyForDeploymentPostprocessing = 0;
		};
		47ABC84718A0FB0A007A953F /* Resources */ = {
			isa = PBXResourcesBuildPhase;
			buildActionMask = 2147483647;
			files = (
				47ABC85518A0FB0A007A953F /* InfoPlist.strings in Resources */,
			);
			runOnlyForDeploymentPostprocessing = 0;
		};
/* End PBXResourcesBuildPhase section */

/* Begin PBXShellScriptBuildPhase section */
		25F0F3D7113940CDA03EAB49 /* Copy Pods Resources */ = {
			isa = PBXShellScriptBuildPhase;
			buildActionMask = 2147483647;
			files = (
			);
			inputPaths = (
			);
			name = "Copy Pods Resources";
			outputPaths = (
			);
			runOnlyForDeploymentPostprocessing = 0;
			shellPath = /bin/sh;
			shellScript = "\"${SRCROOT}/Pods/Pods-FunctionalReactivePixelsTests-resources.sh\"\n";
			showEnvVarsInLog = 0;
		};
		2D10DBA241C54F228CCCD4D3 /* Check Pods Manifest.lock */ = {
			isa = PBXShellScriptBuildPhase;
			buildActionMask = 2147483647;
			files = (
			);
			inputPaths = (
			);
			name = "Check Pods Manifest.lock";
			outputPaths = (
			);
			runOnlyForDeploymentPostprocessing = 0;
			shellPath = /bin/sh;
			shellScript = "diff \"${PODS_ROOT}/../Podfile.lock\" \"${PODS_ROOT}/Manifest.lock\" > /dev/null\nif [[ $? != 0 ]] ; then\n    cat << EOM\nerror: The sandbox is not in sync with the Podfile.lock. Run 'pod install' or update your CocoaPods installation.\nEOM\n    exit 1\nfi\n";
			showEnvVarsInLog = 0;
		};
		9B0BCB6A9B854F8CA61599C0 /* Copy Pods Resources */ = {
			isa = PBXShellScriptBuildPhase;
			buildActionMask = 2147483647;
			files = (
			);
			inputPaths = (
			);
			name = "Copy Pods Resources";
			outputPaths = (
			);
			runOnlyForDeploymentPostprocessing = 0;
			shellPath = /bin/sh;
			shellScript = "\"${SRCROOT}/Pods/Pods-resources.sh\"\n";
			showEnvVarsInLog = 0;
		};
		F1141D196E2E4D5488CDFD7E /* Check Pods Manifest.lock */ = {
			isa = PBXShellScriptBuildPhase;
			buildActionMask = 2147483647;
			files = (
			);
			inputPaths = (
			);
			name = "Check Pods Manifest.lock";
			outputPaths = (
			);
			runOnlyForDeploymentPostprocessing = 0;
			shellPath = /bin/sh;
			shellScript = "diff \"${PODS_ROOT}/../Podfile.lock\" \"${PODS_ROOT}/Manifest.lock\" > /dev/null\nif [[ $? != 0 ]] ; then\n    cat << EOM\nerror: The sandbox is not in sync with the Podfile.lock. Run 'pod install' or update your CocoaPods installation.\nEOM\n    exit 1\nfi\n";
			showEnvVarsInLog = 0;
		};
/* End PBXShellScriptBuildPhase section */

/* Begin PBXSourcesBuildPhase section */
		47ABC82418A0FB0A007A953F /* Sources */ = {
			isa = PBXSourcesBuildPhase;
			buildActionMask = 2147483647;
			files = (
				47ABC83C18A0FB0A007A953F /* HRYAppDelegate.m in Sources */,
				470F246418A0FF7800DD05B0 /* HRYGalleryFlowLayout.m in Sources */,
				47ABC83818A0FB0A007A953F /* main.m in Sources */,
				470F245F18A0FF0200DD05B0 /* HRYGalleryViewController.m in Sources */,
			);
			runOnlyForDeploymentPostprocessing = 0;
		};
		47ABC84518A0FB0A007A953F /* Sources */ = {
			isa = PBXSourcesBuildPhase;
			buildActionMask = 2147483647;
			files = (
				47ABC85718A0FB0A007A953F /* FunctionalReactivePixelsTests.m in Sources */,
			);
			runOnlyForDeploymentPostprocessing = 0;
		};
/* End PBXSourcesBuildPhase section */

/* Begin PBXTargetDependency section */
		47ABC84F18A0FB0A007A953F /* PBXTargetDependency */ = {
			isa = PBXTargetDependency;
			target = 47ABC82718A0FB0A007A953F /* FunctionalReactivePixels */;
			targetProxy = 47ABC84E18A0FB0A007A953F /* PBXContainerItemProxy */;
		};
/* End PBXTargetDependency section */

/* Begin PBXVariantGroup section */
		47ABC83418A0FB0A007A953F /* InfoPlist.strings */ = {
			isa = PBXVariantGroup;
			children = (
				47ABC83518A0FB0A007A953F /* en */,
			);
			name = InfoPlist.strings;
			sourceTree = "<group>";
		};
		47ABC83D18A0FB0A007A953F /* Main.storyboard */ = {
			isa = PBXVariantGroup;
			children = (
				47ABC83E18A0FB0A007A953F /* Base */,
			);
			name = Main.storyboard;
			sourceTree = "<group>";
		};
		47ABC85318A0FB0A007A953F /* InfoPlist.strings */ = {
			isa = PBXVariantGroup;
			children = (
				47ABC85418A0FB0A007A953F /* en */,
			);
			name = InfoPlist.strings;
			sourceTree = "<group>";
		};
/* End PBXVariantGroup section */

/* Begin XCBuildConfiguration section */
		47ABC85818A0FB0A007A953F /* Debug */ = {
			isa = XCBuildConfiguration;
			buildSettings = {
				ALWAYS_SEARCH_USER_PATHS = NO;
				ARCHS = "$(ARCHS_STANDARD_INCLUDING_64_BIT)";
				CLANG_CXX_LANGUAGE_STANDARD = "gnu++0x";
				CLANG_CXX_LIBRARY = "libc++";
				CLANG_ENABLE_MODULES = YES;
				CLANG_ENABLE_OBJC_ARC = YES;
				CLANG_WARN_BOOL_CONVERSION = YES;
				CLANG_WARN_CONSTANT_CONVERSION = YES;
				CLANG_WARN_DIRECT_OBJC_ISA_USAGE = YES_ERROR;
				CLANG_WARN_EMPTY_BODY = YES;
				CLANG_WARN_ENUM_CONVERSION = YES;
				CLANG_WARN_INT_CONVERSION = YES;
				CLANG_WARN_OBJC_ROOT_CLASS = YES_ERROR;
				CLANG_WARN__DUPLICATE_METHOD_MATCH = YES;
				"CODE_SIGN_IDENTITY[sdk=iphoneos*]" = "iPhone Developer";
				COPY_PHASE_STRIP = NO;
				GCC_C_LANGUAGE_STANDARD = gnu99;
				GCC_DYNAMIC_NO_PIC = NO;
				GCC_OPTIMIZATION_LEVEL = 0;
				GCC_PREPROCESSOR_DEFINITIONS = (
					"DEBUG=1",
					"$(inherited)",
				);
				GCC_SYMBOLS_PRIVATE_EXTERN = NO;
				GCC_WARN_64_TO_32_BIT_CONVERSION = YES;
				GCC_WARN_ABOUT_RETURN_TYPE = YES_ERROR;
				GCC_WARN_UNDECLARED_SELECTOR = YES;
				GCC_WARN_UNINITIALIZED_AUTOS = YES;
				GCC_WARN_UNUSED_FUNCTION = YES;
				GCC_WARN_UNUSED_VARIABLE = YES;
				IPHONEOS_DEPLOYMENT_TARGET = 7.0;
				ONLY_ACTIVE_ARCH = YES;
				SDKROOT = iphoneos;
			};
			name = Debug;
		};
		47ABC85918A0FB0A007A953F /* Release */ = {
			isa = XCBuildConfiguration;
			buildSettings = {
				ALWAYS_SEARCH_USER_PATHS = NO;
				ARCHS = "$(ARCHS_STANDARD_INCLUDING_64_BIT)";
				CLANG_CXX_LANGUAGE_STANDARD = "gnu++0x";
				CLANG_CXX_LIBRARY = "libc++";
				CLANG_ENABLE_MODULES = YES;
				CLANG_ENABLE_OBJC_ARC = YES;
				CLANG_WARN_BOOL_CONVERSION = YES;
				CLANG_WARN_CONSTANT_CONVERSION = YES;
				CLANG_WARN_DIRECT_OBJC_ISA_USAGE = YES_ERROR;
				CLANG_WARN_EMPTY_BODY = YES;
				CLANG_WARN_ENUM_CONVERSION = YES;
				CLANG_WARN_INT_CONVERSION = YES;
				CLANG_WARN_OBJC_ROOT_CLASS = YES_ERROR;
				CLANG_WARN__DUPLICATE_METHOD_MATCH = YES;
				"CODE_SIGN_IDENTITY[sdk=iphoneos*]" = "iPhone Developer";
				COPY_PHASE_STRIP = YES;
				ENABLE_NS_ASSERTIONS = NO;
				GCC_C_LANGUAGE_STANDARD = gnu99;
				GCC_WARN_64_TO_32_BIT_CONVERSION = YES;
				GCC_WARN_ABOUT_RETURN_TYPE = YES_ERROR;
				GCC_WARN_UNDECLARED_SELECTOR = YES;
				GCC_WARN_UNINITIALIZED_AUTOS = YES;
				GCC_WARN_UNUSED_FUNCTION = YES;
				GCC_WARN_UNUSED_VARIABLE = YES;
				IPHONEOS_DEPLOYMENT_TARGET = 7.0;
				SDKROOT = iphoneos;
				VALIDATE_PRODUCT = YES;
			};
			name = Release;
		};
		47ABC85B18A0FB0A007A953F /* Debug */ = {
			isa = XCBuildConfiguration;
			baseConfigurationReference = E3D87C8D11A3404EA8D5DD00 /* Pods.xcconfig */;
			buildSettings = {
				ASSETCATALOG_COMPILER_APPICON_NAME = AppIcon;
				ASSETCATALOG_COMPILER_LAUNCHIMAGE_NAME = LaunchImage;
				GCC_PRECOMPILE_PREFIX_HEADER = YES;
				GCC_PREFIX_HEADER = "FunctionalReactivePixels/FunctionalReactivePixels-Prefix.pch";
				INFOPLIST_FILE = "FunctionalReactivePixels/FunctionalReactivePixels-Info.plist";
				PRODUCT_NAME = "$(TARGET_NAME)";
				WRAPPER_EXTENSION = app;
			};
			name = Debug;
		};
		47ABC85C18A0FB0A007A953F /* Release */ = {
			isa = XCBuildConfiguration;
			baseConfigurationReference = E3D87C8D11A3404EA8D5DD00 /* Pods.xcconfig */;
			buildSettings = {
				ASSETCATALOG_COMPILER_APPICON_NAME = AppIcon;
				ASSETCATALOG_COMPILER_LAUNCHIMAGE_NAME = LaunchImage;
				GCC_PRECOMPILE_PREFIX_HEADER = YES;
				GCC_PREFIX_HEADER = "FunctionalReactivePixels/FunctionalReactivePixels-Prefix.pch";
				INFOPLIST_FILE = "FunctionalReactivePixels/FunctionalReactivePixels-Info.plist";
				PRODUCT_NAME = "$(TARGET_NAME)";
				WRAPPER_EXTENSION = app;
			};
			name = Release;
		};
		47ABC85E18A0FB0A007A953F /* Debug */ = {
			isa = XCBuildConfiguration;
			baseConfigurationReference = D87B9EE13ED542639BC20C64 /* Pods-FunctionalReactivePixelsTests.xcconfig */;
			buildSettings = {
				ARCHS = "$(ARCHS_STANDARD_INCLUDING_64_BIT)";
				BUNDLE_LOADER = "$(BUILT_PRODUCTS_DIR)/FunctionalReactivePixels.app/FunctionalReactivePixels";
				FRAMEWORK_SEARCH_PATHS = (
					"$(SDKROOT)/Developer/Library/Frameworks",
					"$(inherited)",
					"$(DEVELOPER_FRAMEWORKS_DIR)",
				);
				GCC_PRECOMPILE_PREFIX_HEADER = YES;
				GCC_PREFIX_HEADER = "FunctionalReactivePixels/FunctionalReactivePixels-Prefix.pch";
				GCC_PREPROCESSOR_DEFINITIONS = (
					"DEBUG=1",
					"$(inherited)",
				);
				INFOPLIST_FILE = "FunctionalReactivePixelsTests/FunctionalReactivePixelsTests-Info.plist";
				PRODUCT_NAME = "$(TARGET_NAME)";
				TEST_HOST = "$(BUNDLE_LOADER)";
				WRAPPER_EXTENSION = xctest;
			};
			name = Debug;
		};
		47ABC85F18A0FB0A007A953F /* Release */ = {
			isa = XCBuildConfiguration;
			baseConfigurationReference = D87B9EE13ED542639BC20C64 /* Pods-FunctionalReactivePixelsTests.xcconfig */;
			buildSettings = {
				ARCHS = "$(ARCHS_STANDARD_INCLUDING_64_BIT)";
				BUNDLE_LOADER = "$(BUILT_PRODUCTS_DIR)/FunctionalReactivePixels.app/FunctionalReactivePixels";
				FRAMEWORK_SEARCH_PATHS = (
					"$(SDKROOT)/Developer/Library/Frameworks",
					"$(inherited)",
					"$(DEVELOPER_FRAMEWORKS_DIR)",
				);
				GCC_PRECOMPILE_PREFIX_HEADER = YES;
				GCC_PREFIX_HEADER = "FunctionalReactivePixels/FunctionalReactivePixels-Prefix.pch";
				INFOPLIST_FILE = "FunctionalReactivePixelsTests/FunctionalReactivePixelsTests-Info.plist";
				PRODUCT_NAME = "$(TARGET_NAME)";
				TEST_HOST = "$(BUNDLE_LOADER)";
				WRAPPER_EXTENSION = xctest;
			};
			name = Release;
		};
/* End XCBuildConfiguration section */

/* Begin XCConfigurationList section */
		47ABC82318A0FB0A007A953F /* Build configuration list for PBXProject "FunctionalReactivePixels" */ = {
			isa = XCConfigurationList;
			buildConfigurations = (
				47ABC85818A0FB0A007A953F /* Debug */,
				47ABC85918A0FB0A007A953F /* Release */,
			);
			defaultConfigurationIsVisible = 0;
			defaultConfigurationName = Release;
		};
		47ABC85A18A0FB0A007A953F /* Build configuration list for PBXNativeTarget "FunctionalReactivePixels" */ = {
			isa = XCConfigurationList;
			buildConfigurations = (
				47ABC85B18A0FB0A007A953F /* Debug */,
				47ABC85C18A0FB0A007A953F /* Release */,
			);
			defaultConfigurationIsVisible = 0;
			defaultConfigurationName = Release;
		};
		47ABC85D18A0FB0A007A953F /* Build configuration list for PBXNativeTarget "FunctionalReactivePixelsTests" */ = {
			isa = XCConfigurationList;
			buildConfigurations = (
				47ABC85E18A0FB0A007A953F /* Debug */,
				47ABC85F18A0FB0A007A953F /* Release */,
			);
			defaultConfigurationIsVisible = 0;
			defaultConfigurationName = Release;
		};
/* End XCConfigurationList section */
	};
	rootObject = 47ABC82018A0FB0A007A953F /* Project object */;
}
